
Microsoft Visual Studio Solution File, Format Version 12.00
# Visual Studio 15
VisualStudioVersion = 15.0.28307.136
MinimumVisualStudioVersion = 10.0.40219.1
Project("{FAE04EC0-301F-11D3-BF4B-00C04F79EFBC}") = "SharpNet", "Prod\SharpNet.csproj", "{2562D66B-9583-4034-A01E-809E33D08310}"
EndProject
Project("{FAE04EC0-301F-11D3-BF4B-00C04F79EFBC}") = "SharpNetTests", "Tests\SharpNetTests.csproj", "{69735A6E-6C5D-4CF5-BA01-EEB4AEBE4943}"
EndProject
Global
	GlobalSection(SolutionConfigurationPlatforms) = preSolution
		Debug|Any CPU = Debug|Any CPU
		Debug|x64 = Debug|x64
		Debug|x86 = Debug|x86
		Release|Any CPU = Release|Any CPU
		Release|x64 = Release|x64
		Release|x86 = Release|x86
	EndGlobalSection
	GlobalSection(ProjectConfigurationPlatforms) = postSolution
		{2562D66B-9583-4034-A01E-809E33D08310}.Debug|Any CPU.ActiveCfg = Debug|Any CPU
		{2562D66B-9583-4034-A01E-809E33D08310}.Debug|Any CPU.Build.0 = Debug|Any CPU
		{2562D66B-9583-4034-A01E-809E33D08310}.Debug|x64.ActiveCfg = Debug|Any CPU
		{2562D66B-9583-4034-A01E-809E33D08310}.Debug|x64.Build.0 = Debug|Any CPU
		{2562D66B-9583-4034-A01E-809E33D08310}.Debug|x86.ActiveCfg = Debug|Any CPU
		{2562D66B-9583-4034-A01E-809E33D08310}.Debug|x86.Build.0 = Debug|Any CPU
		{2562D66B-9583-4034-A01E-809E33D08310}.Release|Any CPU.ActiveCfg = Release|Any CPU
		{2562D66B-9583-4034-A01E-809E33D08310}.Release|Any CPU.Build.0 = Release|Any CPU
		{2562D66B-9583-4034-A01E-809E33D08310}.Release|x64.ActiveCfg = Release|Any CPU
		{2562D66B-9583-4034-A01E-809E33D08310}.Release|x64.Build.0 = Release|Any CPU
		{2562D66B-9583-4034-A01E-809E33D08310}.Release|x86.ActiveCfg = Release|Any CPU
		{2562D66B-9583-4034-A01E-809E33D08310}.Release|x86.Build.0 = Release|Any CPU
		{69735A6E-6C5D-4CF5-BA01-EEB4AEBE4943}.Debug|Any CPU.ActiveCfg = Debug|Any CPU
		{69735A6E-6C5D-4CF5-BA01-EEB4AEBE4943}.Debug|Any CPU.Build.0 = Debug|Any CPU
		{69735A6E-6C5D-4CF5-BA01-EEB4AEBE4943}.Debug|x64.ActiveCfg = Debug|Any CPU
		{69735A6E-6C5D-4CF5-BA01-EEB4AEBE4943}.Debug|x64.Build.0 = Debug|Any CPU
		{69735A6E-6C5D-4CF5-BA01-EEB4AEBE4943}.Debug|x86.ActiveCfg = Debug|Any CPU
		{69735A6E-6C5D-4CF5-BA01-EEB4AEBE4943}.Debug|x86.Build.0 = Debug|Any CPU
		{69735A6E-6C5D-4CF5-BA01-EEB4AEBE4943}.Release|Any CPU.ActiveCfg = Release|Any CPU
		{69735A6E-6C5D-4CF5-BA01-EEB4AEBE4943}.Release|Any CPU.Build.0 = Release|Any CPU
		{69735A6E-6C5D-4CF5-BA01-EEB4AEBE4943}.Release|x64.ActiveCfg = Release|Any CPU
		{69735A6E-6C5D-4CF5-BA01-EEB4AEBE4943}.Release|x64.Build.0 = Release|Any CPU
		{69735A6E-6C5D-4CF5-BA01-EEB4AEBE4943}.Release|x86.ActiveCfg = Release|Any CPU
		{69735A6E-6C5D-4CF5-BA01-EEB4AEBE4943}.Release|x86.Build.0 = Release|Any CPU
	EndGlobalSection
	GlobalSection(SolutionProperties) = preSolution
		HideSolutionNode = FALSE
	EndGlobalSection
	GlobalSection(ExtensibilityGlobals) = postSolution
		SolutionGuid = {4481E423-ED27-4D6F-B9FF-127C629315A4}
	EndGlobalSection
EndGlobal
