
Microsoft Visual Studio Solution File, Format Version 12.00
# Visual Studio Version 17
VisualStudioVersion = 17.12.35707.178 d17.12
MinimumVisualStudioVersion = 10.0.40219.1
Project("{9A19103F-16F7-4668-BE54-9A1E7A4F7556}") = "SharpNetTests", "Tests\SharpNetTests.csproj", "{063DD6AD-98C1-46F4-B71A-B571905C3F3D}"
EndProject
Project("{9A19103F-16F7-4668-BE54-9A1E7A4F7556}") = "SharpNet", "Prod\SharpNet.csproj", "{3A7A35ED-E479-4CBB-96C9-DD7FDB408433}"
EndProject
Project("{FAE04EC0-301F-11D3-BF4B-00C04F79EFBC}") = "SharpNetWebApplication", "SharpNetWebApplication\SharpNetWebApplication.csproj", "{D79A1DB4-DE10-4D21-8A12-B370655DD380}"
EndProject
Project("{2150E333-8FDC-42A3-9474-1A3956D46DE8}") = "Solution Items", "Solution Items", "{4FB9F763-B84A-4511-8F5F-4098FDD25853}"
	ProjectSection(SolutionItems) = preProject
		.editorconfig = .editorconfig
	EndProjectSection
EndProject
Global
	GlobalSection(SolutionConfigurationPlatforms) = preSolution
		Debug|Any CPU = Debug|Any CPU
		Release|Any CPU = Release|Any CPU
	EndGlobalSection
	GlobalSection(ProjectConfigurationPlatforms) = postSolution
		{063DD6AD-98C1-46F4-B71A-B571905C3F3D}.Debug|Any CPU.ActiveCfg = Debug|Any CPU
		{063DD6AD-98C1-46F4-B71A-B571905C3F3D}.Debug|Any CPU.Build.0 = Debug|Any CPU
		{063DD6AD-98C1-46F4-B71A-B571905C3F3D}.Release|Any CPU.ActiveCfg = Release|Any CPU
		{063DD6AD-98C1-46F4-B71A-B571905C3F3D}.Release|Any CPU.Build.0 = Release|Any CPU
		{3A7A35ED-E479-4CBB-96C9-DD7FDB408433}.Debug|Any CPU.ActiveCfg = Debug|Any CPU
		{3A7A35ED-E479-4CBB-96C9-DD7FDB408433}.Debug|Any CPU.Build.0 = Debug|Any CPU
		{3A7A35ED-E479-4CBB-96C9-DD7FDB408433}.Release|Any CPU.ActiveCfg = Release|Any CPU
		{3A7A35ED-E479-4CBB-96C9-DD7FDB408433}.Release|Any CPU.Build.0 = Release|Any CPU
		{D79A1DB4-DE10-4D21-8A12-B370655DD380}.Debug|Any CPU.ActiveCfg = Debug|Any CPU
		{D79A1DB4-DE10-4D21-8A12-B370655DD380}.Debug|Any CPU.Build.0 = Debug|Any CPU
		{D79A1DB4-DE10-4D21-8A12-B370655DD380}.Release|Any CPU.ActiveCfg = Release|Any CPU
		{D79A1DB4-DE10-4D21-8A12-B370655DD380}.Release|Any CPU.Build.0 = Release|Any CPU
	EndGlobalSection
	GlobalSection(SolutionProperties) = preSolution
		HideSolutionNode = FALSE
	EndGlobalSection
	GlobalSection(ExtensibilityGlobals) = postSolution
		SolutionGuid = {DA2D0213-0E48-496C-BE30-B31DE09EA30C}
	EndGlobalSection
EndGlobal
