
Microsoft Visual Studio Solution File, Format Version 12.00
# Visual Studio Version 16
VisualStudioVersion = 16.0.29609.76
MinimumVisualStudioVersion = 10.0.40219.1
Project("{9A19103F-16F7-4668-BE54-9A1E7A4F7556}") = "SharpNetTests", "Tests\SharpNetTests.csproj", "{063DD6AD-98C1-46F4-B71A-B571905C3F3D}"
EndProject
Project("{9A19103F-16F7-4668-BE54-9A1E7A4F7556}") = "SharpNet", "Prod\SharpNet.csproj", "{3A7A35ED-E479-4CBB-96C9-DD7FDB408433}"
EndProject
Global
	GlobalSection(SolutionConfigurationPlatforms) = preSolution
		Debug|Any CPU = Debug|Any CPU
		Release|Any CPU = Release|Any CPU
	EndGlobalSection
	GlobalSection(ProjectConfigurationPlatforms) = postSolution
		{063DD6AD-98C1-46F4-B71A-B571905C3F3D}.Debug|Any CPU.ActiveCfg = Debug|Any CPU
		{063DD6AD-98C1-46F4-B71A-B571905C3F3D}.Debug|Any CPU.Build.0 = Debug|Any CPU
		{063DD6AD-98C1-46F4-B71A-B571905C3F3D}.Release|Any CPU.ActiveCfg = Release|Any CPU
		{063DD6AD-98C1-46F4-B71A-B571905C3F3D}.Release|Any CPU.Build.0 = Release|Any CPU
		{3A7A35ED-E479-4CBB-96C9-DD7FDB408433}.Debug|Any CPU.ActiveCfg = Debug|Any CPU
		{3A7A35ED-E479-4CBB-96C9-DD7FDB408433}.Debug|Any CPU.Build.0 = Debug|Any CPU
		{3A7A35ED-E479-4CBB-96C9-DD7FDB408433}.Release|Any CPU.ActiveCfg = Release|Any CPU
		{3A7A35ED-E479-4CBB-96C9-DD7FDB408433}.Release|Any CPU.Build.0 = Release|Any CPU
	EndGlobalSection
	GlobalSection(SolutionProperties) = preSolution
		HideSolutionNode = FALSE
	EndGlobalSection
	GlobalSection(ExtensibilityGlobals) = postSolution
		SolutionGuid = {DA2D0213-0E48-496C-BE30-B31DE09EA30C}
	EndGlobalSection
EndGlobal
